
Microsoft Visual Studio Solution File, Format Version 12.00
# Visual Studio 2013
VisualStudioVersion = 12.0.40629.0
MinimumVisualStudioVersion = 10.0.40219.1
Project("{FAE04EC0-301F-11D3-BF4B-00C04F79EFBC}") = "ConsoleApplication1", "ConsoleApplication1\ConsoleApplication1.csproj", "{13BD996A-0640-4BDD-BCEB-3213B7D89DA8}"
EndProject
Project("{FAE04EC0-301F-11D3-BF4B-00C04F79EFBC}") = "BCryptTest", "BCryptTest\BCryptTest.csproj", "{2D7B77FE-7206-4279-8ADE-F327F0525DA9}"
EndProject
Project("{FAE04EC0-301F-11D3-BF4B-00C04F79EFBC}") = "UnitTestProject1", "UnitTestProject1\UnitTestProject1.csproj", "{A3DEB74D-127F-4D38-88A5-5A22DBD56E51}"
EndProject
Project("{FAE04EC0-301F-11D3-BF4B-00C04F79EFBC}") = "FakesTestClassLibrary", "FakesTestClassLibrary\FakesTestClassLibrary.csproj", "{3315416C-FFF0-446C-9176-12029FB42CCF}"
EndProject
Project("{FAE04EC0-301F-11D3-BF4B-00C04F79EFBC}") = "SeleniumHelloWorld", "SeleniumHelloWorld\SeleniumHelloWorld.csproj", "{980ED23F-A06B-484D-AF62-2ED626116D99}"
EndProject
Global
	GlobalSection(SolutionConfigurationPlatforms) = preSolution
		Debug|Any CPU = Debug|Any CPU
		Release|Any CPU = Release|Any CPU
	EndGlobalSection
	GlobalSection(ProjectConfigurationPlatforms) = postSolution
		{13BD996A-0640-4BDD-BCEB-3213B7D89DA8}.Debug|Any CPU.ActiveCfg = Debug|Any CPU
		{13BD996A-0640-4BDD-BCEB-3213B7D89DA8}.Debug|Any CPU.Build.0 = Debug|Any CPU
		{13BD996A-0640-4BDD-BCEB-3213B7D89DA8}.Release|Any CPU.ActiveCfg = Release|Any CPU
		{13BD996A-0640-4BDD-BCEB-3213B7D89DA8}.Release|Any CPU.Build.0 = Release|Any CPU
		{2D7B77FE-7206-4279-8ADE-F327F0525DA9}.Debug|Any CPU.ActiveCfg = Debug|Any CPU
		{2D7B77FE-7206-4279-8ADE-F327F0525DA9}.Debug|Any CPU.Build.0 = Debug|Any CPU
		{2D7B77FE-7206-4279-8ADE-F327F0525DA9}.Release|Any CPU.ActiveCfg = Release|Any CPU
		{2D7B77FE-7206-4279-8ADE-F327F0525DA9}.Release|Any CPU.Build.0 = Release|Any CPU
		{A3DEB74D-127F-4D38-88A5-5A22DBD56E51}.Debug|Any CPU.ActiveCfg = Debug|Any CPU
		{A3DEB74D-127F-4D38-88A5-5A22DBD56E51}.Debug|Any CPU.Build.0 = Debug|Any CPU
		{A3DEB74D-127F-4D38-88A5-5A22DBD56E51}.Release|Any CPU.ActiveCfg = Release|Any CPU
		{A3DEB74D-127F-4D38-88A5-5A22DBD56E51}.Release|Any CPU.Build.0 = Release|Any CPU
		{3315416C-FFF0-446C-9176-12029FB42CCF}.Debug|Any CPU.ActiveCfg = Debug|Any CPU
		{3315416C-FFF0-446C-9176-12029FB42CCF}.Debug|Any CPU.Build.0 = Debug|Any CPU
		{3315416C-FFF0-446C-9176-12029FB42CCF}.Release|Any CPU.ActiveCfg = Release|Any CPU
		{3315416C-FFF0-446C-9176-12029FB42CCF}.Release|Any CPU.Build.0 = Release|Any CPU
		{980ED23F-A06B-484D-AF62-2ED626116D99}.Debug|Any CPU.ActiveCfg = Debug|Any CPU
		{980ED23F-A06B-484D-AF62-2ED626116D99}.Debug|Any CPU.Build.0 = Debug|Any CPU
		{980ED23F-A06B-484D-AF62-2ED626116D99}.Release|Any CPU.ActiveCfg = Release|Any CPU
		{980ED23F-A06B-484D-AF62-2ED626116D99}.Release|Any CPU.Build.0 = Release|Any CPU
	EndGlobalSection
	GlobalSection(SolutionProperties) = preSolution
		HideSolutionNode = FALSE
	EndGlobalSection
EndGlobal
